<?xml version="1.0" encoding="utf-8"?>
<Project ToolsVersion="4.0" xmlns="http://schemas.microsoft.com/developer/msbuild/2003">
  <ItemGroup>
    <Filter Include="Resource">
      <UniqueIdentifier>{67DA6AB6-F800-4c08-8B7A-83BB121AAD01}</UniqueIdentifier>
      <Extensions>rc;ico;cur;bmp;dlg;rc2;rct;bin;rgs;gif;jpg;jpeg;jpe;resx;tiff;tif;png;wav;mfcribbon-ms</Extensions>
    </Filter>
    <Filter Include="Source">
      <UniqueIdentifier>{4FC737F1-C7A5-4376-A066-2A32D752A2FF}</UniqueIdentifier>
      <Extensions>cpp;c;cc;cxx;c++;cppm;ixx;def;odl;idl;hpj;bat;asm;asmx</Extensions>
    </Filter>
    <Filter Include="Source\Actors">
      <UniqueIdentifier>{b193c262-7788-44af-b0da-155b90ecdb05}</UniqueIdentifier>
    </Filter>
    <Filter Include="Source\GameComponent">
      <UniqueIdentifier>{b78e8f72-a2c5-480d-a3a0-02208ca5f44c}</UniqueIdentifier>
    </Filter>
  </ItemGroup>
  <ItemGroup>
    <ClCompile Include="Main.cpp">
      <Filter>Source</Filter>
    </ClCompile>
    <ClCompile Include="Game.cpp">
      <Filter>Source</Filter>
    </ClCompile>
    <ClCompile Include="Actors\Player.cpp">
      <Filter>Source\Actors</Filter>
    </ClCompile>
    <ClCompile Include="Actors\Enemy.cpp">
      <Filter>Source\Actors</Filter>
    </ClCompile>
    <ClCompile Include="Actors\Projectile.cpp">
      <Filter>Source\Actors</Filter>
    </ClCompile>
    <ClCompile Include="GameComponent\EnemyComponent.cpp">
      <Filter>Source\GameComponent</Filter>
    </ClCompile>
    <ClCompile Include="GameComponent\PickupComponent.cpp">
      <Filter>Source\GameComponent</Filter>
    </ClCompile>
    <ClCompile Include="GameComponent\PlayerComponent.cpp">
      <Filter>Source\GameComponent</Filter>
    </ClCompile>
    <ClCompile Include="GameComponent\ProjectileComponent.cpp">
      <Filter>Source\GameComponent</Filter>
    </ClCompile>
  </ItemGroup>
  <ItemGroup>
    <ClInclude Include="Game.h">
      <Filter>Source</Filter>
    </ClInclude>
    <ClInclude Include="Actors\Player.h">
      <Filter>Source\Actors</Filter>
    </ClInclude>
    <ClInclude Include="Actors\Enemy.h">
      <Filter>Source\Actors</Filter>
    </ClInclude>
    <ClInclude Include="Actors\Projectile.h">
      <Filter>Source\Actors</Filter>
    </ClInclude>
    <ClInclude Include="GameComponent\PlayerComponent.h">
      <Filter>Source\GameComponent</Filter>
    </ClInclude>
    <ClInclude Include="GameComponent\EnemyComponent.h">
      <Filter>Source\GameComponent</Filter>
    </ClInclude>
    <ClInclude Include="GameComponent\PickupComponent.h">
      <Filter>Source\GameComponent</Filter>
    </ClInclude>
    <ClInclude Include="GameComponent\ProjectileComponent.h">
      <Filter>Source\GameComponent</Filter>
    </ClInclude>
  </ItemGroup>
</Project>